// !$*UTF8*$!
{
	archiveVersion = 1;
	classes = {
	};
	objectVersion = 46;
	objects = {

/* Begin PBXBuildFile section */
		5C0589D31DDA716C00E6029E /* AppDelegate.swift in Sources */ = {isa = PBXBuildFile; fileRef = 5C0589D21DDA716C00E6029E /* AppDelegate.swift */; };
		5C0589D51DDA716C00E6029E /* EhVC.swift in Sources */ = {isa = PBXBuildFile; fileRef = 5C0589D41DDA716C00E6029E /* EhVC.swift */; };
		5C0589D71DDA716C00E6029E /* BeeVC.swift in Sources */ = {isa = PBXBuildFile; fileRef = 5C0589D61DDA716C00E6029E /* BeeVC.swift */; };
		5C0589DA1DDA716C00E6029E /* Main.storyboard in Resources */ = {isa = PBXBuildFile; fileRef = 5C0589D81DDA716C00E6029E /* Main.storyboard */; };
		5C0589DC1DDA716C00E6029E /* Assets.xcassets in Resources */ = {isa = PBXBuildFile; fileRef = 5C0589DB1DDA716C00E6029E /* Assets.xcassets */; };
		5C0589DF1DDA716C00E6029E /* LaunchScreen.storyboard in Resources */ = {isa = PBXBuildFile; fileRef = 5C0589DD1DDA716C00E6029E /* LaunchScreen.storyboard */; };
		5C0589EA1DDA716C00E6029E /* Git_ICE_PTTests.swift in Sources */ = {isa = PBXBuildFile; fileRef = 5C0589E91DDA716C00E6029E /* Git_ICE_PTTests.swift */; };
		5C0589F51DDA716C00E6029E /* Git_ICE_PTUITests.swift in Sources */ = {isa = PBXBuildFile; fileRef = 5C0589F41DDA716C00E6029E /* Git_ICE_PTUITests.swift */; };
		5C058A031DDA759E00E6029E /* SeaVC.swift in Sources */ = {isa = PBXBuildFile; fileRef = 5C058A021DDA759E00E6029E /* SeaVC.swift */; };
/* End PBXBuildFile section */

/* Begin PBXContainerItemProxy section */
		5C0589E61DDA716C00E6029E /* PBXContainerItemProxy */ = {
			isa = PBXContainerItemProxy;
			containerPortal = 5C0589C71DDA716C00E6029E /* Project object */;
			proxyType = 1;
			remoteGlobalIDString = 5C0589CE1DDA716C00E6029E;
			remoteInfo = "Git-ICE-PT";
		};
		5C0589F11DDA716C00E6029E /* PBXContainerItemProxy */ = {
			isa = PBXContainerItemProxy;
			containerPortal = 5C0589C71DDA716C00E6029E /* Project object */;
			proxyType = 1;
			remoteGlobalIDString = 5C0589CE1DDA716C00E6029E;
			remoteInfo = "Git-ICE-PT";
		};
/* End PBXContainerItemProxy section */

/* Begin PBXFileReference section */
		5C0589CF1DDA716C00E6029E /* Git-ICE-PT.app */ = {isa = PBXFileReference; explicitFileType = wrapper.application; includeInIndex = 0; path = "Git-ICE-PT.app"; sourceTree = BUILT_PRODUCTS_DIR; };
		5C0589D21DDA716C00E6029E /* AppDelegate.swift */ = {isa = PBXFileReference; lastKnownFileType = sourcecode.swift; path = AppDelegate.swift; sourceTree = "<group>"; };
		5C0589D41DDA716C00E6029E /* EhVC.swift */ = {isa = PBXFileReference; lastKnownFileType = sourcecode.swift; path = EhVC.swift; sourceTree = "<group>"; };
		5C0589D61DDA716C00E6029E /* BeeVC.swift */ = {isa = PBXFileReference; lastKnownFileType = sourcecode.swift; path = BeeVC.swift; sourceTree = "<group>"; };
		5C0589D91DDA716C00E6029E /* Base */ = {isa = PBXFileReference; lastKnownFileType = file.storyboard; name = Base; path = Base.lproj/Main.storyboard; sourceTree = "<group>"; };
		5C0589DB1DDA716C00E6029E /* Assets.xcassets */ = {isa = PBXFileReference; lastKnownFileType = folder.assetcatalog; path = Assets.xcassets; sourceTree = "<group>"; };
		5C0589DE1DDA716C00E6029E /* Base */ = {isa = PBXFileReference; lastKnownFileType = file.storyboard; name = Base; path = Base.lproj/LaunchScreen.storyboard; sourceTree = "<group>"; };
		5C0589E01DDA716C00E6029E /* Info.plist */ = {isa = PBXFileReference; lastKnownFileType = text.plist.xml; path = Info.plist; sourceTree = "<group>"; };
		5C0589E51DDA716C00E6029E /* Git-ICE-PTTests.xctest */ = {isa = PBXFileReference; explicitFileType = wrapper.cfbundle; includeInIndex = 0; path = "Git-ICE-PTTests.xctest"; sourceTree = BUILT_PRODUCTS_DIR; };
		5C0589E91DDA716C00E6029E /* Git_ICE_PTTests.swift */ = {isa = PBXFileReference; lastKnownFileType = sourcecode.swift; path = Git_ICE_PTTests.swift; sourceTree = "<group>"; };
		5C0589EB1DDA716C00E6029E /* Info.plist */ = {isa = PBXFileReference; lastKnownFileType = text.plist.xml; path = Info.plist; sourceTree = "<group>"; };
		5C0589F01DDA716C00E6029E /* Git-ICE-PTUITests.xctest */ = {isa = PBXFileReference; explicitFileType = wrapper.cfbundle; includeInIndex = 0; path = "Git-ICE-PTUITests.xctest"; sourceTree = BUILT_PRODUCTS_DIR; };
		5C0589F41DDA716C00E6029E /* Git_ICE_PTUITests.swift */ = {isa = PBXFileReference; lastKnownFileType = sourcecode.swift; path = Git_ICE_PTUITests.swift; sourceTree = "<group>"; };
		5C0589F61DDA716C00E6029E /* Info.plist */ = {isa = PBXFileReference; lastKnownFileType = text.plist.xml; path = Info.plist; sourceTree = "<group>"; };
		5C058A021DDA759E00E6029E /* SeaVC.swift */ = {isa = PBXFileReference; fileEncoding = 4; lastKnownFileType = sourcecode.swift; path = SeaVC.swift; sourceTree = "<group>"; };
/* End PBXFileReference section */

/* Begin PBXFrameworksBuildPhase section */
		5C0589CC1DDA716C00E6029E /* Frameworks */ = {
			isa = PBXFrameworksBuildPhase;
			buildActionMask = 2147483647;
			files = (
			);
			runOnlyForDeploymentPostprocessing = 0;
		};
		5C0589E21DDA716C00E6029E /* Frameworks */ = {
			isa = PBXFrameworksBuildPhase;
			buildActionMask = 2147483647;
			files = (
			);
			runOnlyForDeploymentPostprocessing = 0;
		};
		5C0589ED1DDA716C00E6029E /* Frameworks */ = {
			isa = PBXFrameworksBuildPhase;
			buildActionMask = 2147483647;
			files = (
			);
			runOnlyForDeploymentPostprocessing = 0;
		};
/* End PBXFrameworksBuildPhase section */

/* Begin PBXGroup section */
		5C0589C61DDA716C00E6029E = {
			isa = PBXGroup;
			children = (
				5C0589D11DDA716C00E6029E /* Git-ICE-PT */,
				5C0589E81DDA716C00E6029E /* Git-ICE-PTTests */,
				5C0589F31DDA716C00E6029E /* Git-ICE-PTUITests */,
				5C0589D01DDA716C00E6029E /* Products */,
			);
			sourceTree = "<group>";
		};
		5C0589D01DDA716C00E6029E /* Products */ = {
			isa = PBXGroup;
			children = (
				5C0589CF1DDA716C00E6029E /* Git-ICE-PT.app */,
				5C0589E51DDA716C00E6029E /* Git-ICE-PTTests.xctest */,
				5C0589F01DDA716C00E6029E /* Git-ICE-PTUITests.xctest */,
			);
			name = Products;
			sourceTree = "<group>";
		};
		5C0589D11DDA716C00E6029E /* Git-ICE-PT */ = {
			isa = PBXGroup;
			children = (
				5C0589D21DDA716C00E6029E /* AppDelegate.swift */,
				5C0589D41DDA716C00E6029E /* EhVC.swift */,
				5C0589D61DDA716C00E6029E /* BeeVC.swift */,
				5C058A021DDA759E00E6029E /* SeaVC.swift */,
				5C0589D81DDA716C00E6029E /* Main.storyboard */,
				5C0589DB1DDA716C00E6029E /* Assets.xcassets */,
				5C0589DD1DDA716C00E6029E /* LaunchScreen.storyboard */,
				5C0589E01DDA716C00E6029E /* Info.plist */,
			);
			path = "Git-ICE-PT";
			sourceTree = "<group>";
		};
		5C0589E81DDA716C00E6029E /* Git-ICE-PTTests */ = {
			isa = PBXGroup;
			children = (
				5C0589E91DDA716C00E6029E /* Git_ICE_PTTests.swift */,
				5C0589EB1DDA716C00E6029E /* Info.plist */,
			);
			path = "Git-ICE-PTTests";
			sourceTree = "<group>";
		};
		5C0589F31DDA716C00E6029E /* Git-ICE-PTUITests */ = {
			isa = PBXGroup;
			children = (
				5C0589F41DDA716C00E6029E /* Git_ICE_PTUITests.swift */,
				5C0589F61DDA716C00E6029E /* Info.plist */,
			);
			path = "Git-ICE-PTUITests";
			sourceTree = "<group>";
		};
/* End PBXGroup section */

/* Begin PBXNativeTarget section */
		5C0589CE1DDA716C00E6029E /* Git-ICE-PT */ = {
			isa = PBXNativeTarget;
			buildConfigurationList = 5C0589F91DDA716C00E6029E /* Build configuration list for PBXNativeTarget "Git-ICE-PT" */;
			buildPhases = (
				5C0589CB1DDA716C00E6029E /* Sources */,
				5C0589CC1DDA716C00E6029E /* Frameworks */,
				5C0589CD1DDA716C00E6029E /* Resources */,
			);
			buildRules = (
			);
			dependencies = (
			);
			name = "Git-ICE-PT";
			productName = "Git-ICE-PT";
			productReference = 5C0589CF1DDA716C00E6029E /* Git-ICE-PT.app */;
			productType = "com.apple.product-type.application";
		};
		5C0589E41DDA716C00E6029E /* Git-ICE-PTTests */ = {
			isa = PBXNativeTarget;
			buildConfigurationList = 5C0589FC1DDA716C00E6029E /* Build configuration list for PBXNativeTarget "Git-ICE-PTTests" */;
			buildPhases = (
				5C0589E11DDA716C00E6029E /* Sources */,
				5C0589E21DDA716C00E6029E /* Frameworks */,
				5C0589E31DDA716C00E6029E /* Resources */,
			);
			buildRules = (
			);
			dependencies = (
				5C0589E71DDA716C00E6029E /* PBXTargetDependency */,
			);
			name = "Git-ICE-PTTests";
			productName = "Git-ICE-PTTests";
			productReference = 5C0589E51DDA716C00E6029E /* Git-ICE-PTTests.xctest */;
			productType = "com.apple.product-type.bundle.unit-test";
		};
		5C0589EF1DDA716C00E6029E /* Git-ICE-PTUITests */ = {
			isa = PBXNativeTarget;
			buildConfigurationList = 5C0589FF1DDA716C00E6029E /* Build configuration list for PBXNativeTarget "Git-ICE-PTUITests" */;
			buildPhases = (
				5C0589EC1DDA716C00E6029E /* Sources */,
				5C0589ED1DDA716C00E6029E /* Frameworks */,
				5C0589EE1DDA716C00E6029E /* Resources */,
			);
			buildRules = (
			);
			dependencies = (
				5C0589F21DDA716C00E6029E /* PBXTargetDependency */,
			);
			name = "Git-ICE-PTUITests";
			productName = "Git-ICE-PTUITests";
			productReference = 5C0589F01DDA716C00E6029E /* Git-ICE-PTUITests.xctest */;
			productType = "com.apple.product-type.bundle.ui-testing";
		};
/* End PBXNativeTarget section */

/* Begin PBXProject section */
		5C0589C71DDA716C00E6029E /* Project object */ = {
			isa = PBXProject;
			attributes = {
				LastSwiftUpdateCheck = 0730;
				LastUpgradeCheck = 0730;
				ORGANIZATIONNAME = "Tarugu Subbaiah,Prudvi Krishna";
				TargetAttributes = {
					5C0589CE1DDA716C00E6029E = {
						CreatedOnToolsVersion = 7.3.1;
					};
					5C0589E41DDA716C00E6029E = {
						CreatedOnToolsVersion = 7.3.1;
						TestTargetID = 5C0589CE1DDA716C00E6029E;
					};
					5C0589EF1DDA716C00E6029E = {
						CreatedOnToolsVersion = 7.3.1;
						TestTargetID = 5C0589CE1DDA716C00E6029E;
					};
				};
			};
			buildConfigurationList = 5C0589CA1DDA716C00E6029E /* Build configuration list for PBXProject "Git-ICE-PT" */;
			compatibilityVersion = "Xcode 3.2";
			developmentRegion = English;
			hasScannedForEncodings = 0;
			knownRegions = (
				en,
				Base,
			);
			mainGroup = 5C0589C61DDA716C00E6029E;
			productRefGroup = 5C0589D01DDA716C00E6029E /* Products */;
			projectDirPath = "";
			projectRoot = "";
			targets = (
				5C0589CE1DDA716C00E6029E /* Git-ICE-PT */,
				5C0589E41DDA716C00E6029E /* Git-ICE-PTTests */,
				5C0589EF1DDA716C00E6029E /* Git-ICE-PTUITests */,
			);
		};
/* End PBXProject section */

/* Begin PBXResourcesBuildPhase section */
		5C0589CD1DDA716C00E6029E /* Resources */ = {
			isa = PBXResourcesBuildPhase;
			buildActionMask = 2147483647;
			files = (
				5C0589DF1DDA716C00E6029E /* LaunchScreen.storyboard in Resources */,
				5C0589DC1DDA716C00E6029E /* Assets.xcassets in Resources */,
				5C0589DA1DDA716C00E6029E /* Main.storyboard in Resources */,
			);
			runOnlyForDeploymentPostprocessing = 0;
		};
		5C0589E31DDA716C00E6029E /* Resources */ = {
			isa = PBXResourcesBuildPhase;
			buildActionMask = 2147483647;
			files = (
			);
			runOnlyForDeploymentPostprocessing = 0;
		};
		5C0589EE1DDA716C00E6029E /* Resources */ = {
			isa = PBXResourcesBuildPhase;
			buildActionMask = 2147483647;
			files = (
			);
			runOnlyForDeploymentPostprocessing = 0;
		};
/* End PBXResourcesBuildPhase section */

/* Begin PBXSourcesBuildPhase section */
		5C0589CB1DDA716C00E6029E /* Sources */ = {
			isa = PBXSourcesBuildPhase;
			buildActionMask = 2147483647;
			files = (
				5C058A031DDA759E00E6029E /* SeaVC.swift in Sources */,
				5C0589D71DDA716C00E6029E /* BeeVC.swift in Sources */,
				5C0589D31DDA716C00E6029E /* AppDelegate.swift in Sources */,
				5C0589D51DDA716C00E6029E /* EhVC.swift in Sources */,
			);
			runOnlyForDeploymentPostprocessing = 0;
		};
		5C0589E11DDA716C00E6029E /* Sources */ = {
			isa = PBXSourcesBuildPhase;
			buildActionMask = 2147483647;
			files = (
				5C0589EA1DDA716C00E6029E /* Git_ICE_PTTests.swift in Sources */,
			);
			runOnlyForDeploymentPostprocessing = 0;
		};
		5C0589EC1DDA716C00E6029E /* Sources */ = {
			isa = PBXSourcesBuildPhase;
			buildActionMask = 2147483647;
			files = (
				5C0589F51DDA716C00E6029E /* Git_ICE_PTUITests.swift in Sources */,
			);
			runOnlyForDeploymentPostprocessing = 0;
		};
/* End PBXSourcesBuildPhase section */

/* Begin PBXTargetDependency section */
		5C0589E71DDA716C00E6029E /* PBXTargetDependency */ = {
			isa = PBXTargetDependency;
			target = 5C0589CE1DDA716C00E6029E /* Git-ICE-PT */;
			targetProxy = 5C0589E61DDA716C00E6029E /* PBXContainerItemProxy */;
		};
		5C0589F21DDA716C00E6029E /* PBXTargetDependency */ = {
			isa = PBXTargetDependency;
			target = 5C0589CE1DDA716C00E6029E /* Git-ICE-PT */;
			targetProxy = 5C0589F11DDA716C00E6029E /* PBXContainerItemProxy */;
		};
/* End PBXTargetDependency section */

/* Begin PBXVariantGroup section */
		5C0589D81DDA716C00E6029E /* Main.storyboard */ = {
			isa = PBXVariantGroup;
			children = (
				5C0589D91DDA716C00E6029E /* Base */,
			);
			name = Main.storyboard;
			sourceTree = "<group>";
		};
		5C0589DD1DDA716C00E6029E /* LaunchScreen.storyboard */ = {
			isa = PBXVariantGroup;
			children = (
				5C0589DE1DDA716C00E6029E /* Base */,
			);
			name = LaunchScreen.storyboard;
			sourceTree = "<group>";
		};
/* End PBXVariantGroup section */

/* Begin XCBuildConfiguration section */
		5C0589F71DDA716C00E6029E /* Debug */ = {
			isa = XCBuildConfiguration;
			buildSettings = {
				ALWAYS_SEARCH_USER_PATHS = NO;
				CLANG_ANALYZER_NONNULL = YES;
				CLANG_CXX_LANGUAGE_STANDARD = "gnu++0x";
				CLANG_CXX_LIBRARY = "libc++";
				CLANG_ENABLE_MODULES = YES;
				CLANG_ENABLE_OBJC_ARC = YES;
				CLANG_WARN_BOOL_CONVERSION = YES;
				CLANG_WARN_CONSTANT_CONVERSION = YES;
				CLANG_WARN_DIRECT_OBJC_ISA_USAGE = YES_ERROR;
				CLANG_WARN_EMPTY_BODY = YES;
				CLANG_WARN_ENUM_CONVERSION = YES;
				CLANG_WARN_INT_CONVERSION = YES;
				CLANG_WARN_OBJC_ROOT_CLASS = YES_ERROR;
				CLANG_WARN_UNREACHABLE_CODE = YES;
				CLANG_WARN__DUPLICATE_METHOD_MATCH = YES;
				"CODE_SIGN_IDENTITY[sdk=iphoneos*]" = "iPhone Developer";
				COPY_PHASE_STRIP = NO;
				DEBUG_INFORMATION_FORMAT = dwarf;
				ENABLE_STRICT_OBJC_MSGSEND = YES;
				ENABLE_TESTABILITY = YES;
				GCC_C_LANGUAGE_STANDARD = gnu99;
				GCC_DYNAMIC_NO_PIC = NO;
				GCC_NO_COMMON_BLOCKS = YES;
				GCC_OPTIMIZATION_LEVEL = 0;
				GCC_PREPROCESSOR_DEFINITIONS = (
					"DEBUG=1",
					"$(inherited)",
				);
				GCC_WARN_64_TO_32_BIT_CONVERSION = YES;
				GCC_WARN_ABOUT_RETURN_TYPE = YES_ERROR;
				GCC_WARN_UNDECLARED_SELECTOR = YES;
				GCC_WARN_UNINITIALIZED_AUTOS = YES_AGGRESSIVE;
				GCC_WARN_UNUSED_FUNCTION = YES;
				GCC_WARN_UNUSED_VARIABLE = YES;
				IPHONEOS_DEPLOYMENT_TARGET = 9.3;
				MTL_ENABLE_DEBUG_INFO = YES;
				ONLY_ACTIVE_ARCH = YES;
				SDKROOT = iphoneos;
				SWIFT_OPTIMIZATION_LEVEL = "-Onone";
				TARGETED_DEVICE_FAMILY = "1,2";
			};
			name = Debug;
		};
		5C0589F81DDA716C00E6029E /* Release */ = {
			isa = XCBuildConfiguration;
			buildSettings = {
				ALWAYS_SEARCH_USER_PATHS = NO;
				CLANG_ANALYZER_NONNULL = YES;
				CLANG_CXX_LANGUAGE_STANDARD = "gnu++0x";
				CLANG_CXX_LIBRARY = "libc++";
				CLANG_ENABLE_MODULES = YES;
				CLANG_ENABLE_OBJC_ARC = YES;
				CLANG_WARN_BOOL_CONVERSION = YES;
				CLANG_WARN_CONSTANT_CONVERSION = YES;
				CLANG_WARN_DIRECT_OBJC_ISA_USAGE = YES_ERROR;
				CLANG_WARN_EMPTY_BODY = YES;
				CLANG_WARN_ENUM_CONVERSION = YES;
				CLANG_WARN_INT_CONVERSION = YES;
				CLANG_WARN_OBJC_ROOT_CLASS = YES_ERROR;
				CLANG_WARN_UNREACHABLE_CODE = YES;
				CLANG_WARN__DUPLICATE_METHOD_MATCH = YES;
				"CODE_SIGN_IDENTITY[sdk=iphoneos*]" = "iPhone Developer";
				COPY_PHASE_STRIP = NO;
				DEBUG_INFORMATION_FORMAT = "dwarf-with-dsym";
				ENABLE_NS_ASSERTIONS = NO;
				ENABLE_STRICT_OBJC_MSGSEND = YES;
				GCC_C_LANGUAGE_STANDARD = gnu99;
				GCC_NO_COMMON_BLOCKS = YES;
				GCC_WARN_64_TO_32_BIT_CONVERSION = YES;
				GCC_WARN_ABOUT_RETURN_TYPE = YES_ERROR;
				GCC_WARN_UNDECLARED_SELECTOR = YES;
				GCC_WARN_UNINITIALIZED_AUTOS = YES_AGGRESSIVE;
				GCC_WARN_UNUSED_FUNCTION = YES;
				GCC_WARN_UNUSED_VARIABLE = YES;
				IPHONEOS_DEPLOYMENT_TARGET = 9.3;
				MTL_ENABLE_DEBUG_INFO = NO;
				SDKROOT = iphoneos;
				TARGETED_DEVICE_FAMILY = "1,2";
				VALIDATE_PRODUCT = YES;
			};
			name = Release;
		};
		5C0589FA1DDA716C00E6029E /* Debug */ = {
			isa = XCBuildConfiguration;
			buildSettings = {
				ASSETCATALOG_COMPILER_APPICON_NAME = AppIcon;
				INFOPLIST_FILE = "Git-ICE-PT/Info.plist";
				LD_RUNPATH_SEARCH_PATHS = "$(inherited) @executable_path/Frameworks";
				PRODUCT_BUNDLE_IDENTIFIER = "nwmissouri.edu.Git-ICE-PT";
				PRODUCT_NAME = "$(TARGET_NAME)";
			};
			name = Debug;
		};
		5C0589FB1DDA716C00E6029E /* Release */ = {
			isa = XCBuildConfiguration;
			buildSettings = {
				ASSETCATALOG_COMPILER_APPICON_NAME = AppIcon;
				INFOPLIST_FILE = "Git-ICE-PT/Info.plist";
				LD_RUNPATH_SEARCH_PATHS = "$(inherited) @executable_path/Frameworks";
				PRODUCT_BUNDLE_IDENTIFIER = "nwmissouri.edu.Git-ICE-PT";
				PRODUCT_NAME = "$(TARGET_NAME)";
			};
			name = Release;
		};
		5C0589FD1DDA716C00E6029E /* Debug */ = {
			isa = XCBuildConfiguration;
			buildSettings = {
				BUNDLE_LOADER = "$(TEST_HOST)";
				INFOPLIST_FILE = "Git-ICE-PTTests/Info.plist";
				LD_RUNPATH_SEARCH_PATHS = "$(inherited) @executable_path/Frameworks @loader_path/Frameworks";
				PRODUCT_BUNDLE_IDENTIFIER = "nwmissouri.edu.Git-ICE-PTTests";
				PRODUCT_NAME = "$(TARGET_NAME)";
				TEST_HOST = "$(BUILT_PRODUCTS_DIR)/Git-ICE-PT.app/Git-ICE-PT";
			};
			name = Debug;
		};
		5C0589FE1DDA716C00E6029E /* Release */ = {
			isa = XCBuildConfiguration;
			buildSettings = {
				BUNDLE_LOADER = "$(TEST_HOST)";
				INFOPLIST_FILE = "Git-ICE-PTTests/Info.plist";
				LD_RUNPATH_SEARCH_PATHS = "$(inherited) @executable_path/Frameworks @loader_path/Frameworks";
				PRODUCT_BUNDLE_IDENTIFIER = "nwmissouri.edu.Git-ICE-PTTests";
				PRODUCT_NAME = "$(TARGET_NAME)";
				TEST_HOST = "$(BUILT_PRODUCTS_DIR)/Git-ICE-PT.app/Git-ICE-PT";
			};
			name = Release;
		};
		5C058A001DDA716C00E6029E /* Debug */ = {
			isa = XCBuildConfiguration;
			buildSettings = {
				INFOPLIST_FILE = "Git-ICE-PTUITests/Info.plist";
				LD_RUNPATH_SEARCH_PATHS = "$(inherited) @executable_path/Frameworks @loader_path/Frameworks";
				PRODUCT_BUNDLE_IDENTIFIER = "nwmissouri.edu.Git-ICE-PTUITests";
				PRODUCT_NAME = "$(TARGET_NAME)";
				TEST_TARGET_NAME = "Git-ICE-PT";
			};
			name = Debug;
		};
		5C058A011DDA716C00E6029E /* Release */ = {
			isa = XCBuildConfiguration;
			buildSettings = {
				INFOPLIST_FILE = "Git-ICE-PTUITests/Info.plist";
				LD_RUNPATH_SEARCH_PATHS = "$(inherited) @executable_path/Frameworks @loader_path/Frameworks";
				PRODUCT_BUNDLE_IDENTIFIER = "nwmissouri.edu.Git-ICE-PTUITests";
				PRODUCT_NAME = "$(TARGET_NAME)";
				TEST_TARGET_NAME = "Git-ICE-PT";
			};
			name = Release;
		};
/* End XCBuildConfiguration section */

/* Begin XCConfigurationList section */
		5C0589CA1DDA716C00E6029E /* Build configuration list for PBXProject "Git-ICE-PT" */ = {
			isa = XCConfigurationList;
			buildConfigurations = (
				5C0589F71DDA716C00E6029E /* Debug */,
				5C0589F81DDA716C00E6029E /* Release */,
			);
			defaultConfigurationIsVisible = 0;
			defaultConfigurationName = Release;
		};
		5C0589F91DDA716C00E6029E /* Build configuration list for PBXNativeTarget "Git-ICE-PT" */ = {
			isa = XCConfigurationList;
			buildConfigurations = (
				5C0589FA1DDA716C00E6029E /* Debug */,
				5C0589FB1DDA716C00E6029E /* Release */,
			);
			defaultConfigurationIsVisible = 0;
		};
		5C0589FC1DDA716C00E6029E /* Build configuration list for PBXNativeTarget "Git-ICE-PTTests" */ = {
			isa = XCConfigurationList;
			buildConfigurations = (
				5C0589FD1DDA716C00E6029E /* Debug */,
				5C0589FE1DDA716C00E6029E /* Release */,
			);
			defaultConfigurationIsVisible = 0;
		};
		5C0589FF1DDA716C00E6029E /* Build configuration list for PBXNativeTarget "Git-ICE-PTUITests" */ = {
			isa = XCConfigurationList;
			buildConfigurations = (
				5C058A001DDA716C00E6029E /* Debug */,
				5C058A011DDA716C00E6029E /* Release */,
			);
			defaultConfigurationIsVisible = 0;
		};
/* End XCConfigurationList section */
	};
	rootObject = 5C0589C71DDA716C00E6029E /* Project object */;
}
